
Microsoft Visual Studio Solution File, Format Version 12.00
# Visual Studio Version 17
VisualStudioVersion = 17.7.34024.191
MinimumVisualStudioVersion = 10.0.40219.1
Project("{9A19103F-16F7-4668-BE54-9A1E7A4F7556}") = "ToDoApp", "ToDo\ToDoApp.csproj", "{CE2865D2-7DC4-4E6A-B467-B4E100EA707E}"
EndProject
Global
	GlobalSection(SolutionConfigurationPlatforms) = preSolution
		Debug|Any CPU = Debug|Any CPU
		Release|Any CPU = Release|Any CPU
	EndGlobalSection
	GlobalSection(ProjectConfigurationPlatforms) = postSolution
		{CE2865D2-7DC4-4E6A-B467-B4E100EA707E}.Debug|Any CPU.ActiveCfg = Debug|Any CPU
		{CE2865D2-7DC4-4E6A-B467-B4E100EA707E}.Debug|Any CPU.Build.0 = Debug|Any CPU
		{CE2865D2-7DC4-4E6A-B467-B4E100EA707E}.Release|Any CPU.ActiveCfg = Release|Any CPU
		{CE2865D2-7DC4-4E6A-B467-B4E100EA707E}.Release|Any CPU.Build.0 = Release|Any CPU
	EndGlobalSection
	GlobalSection(SolutionProperties) = preSolution
		HideSolutionNode = FALSE
	EndGlobalSection
	GlobalSection(ExtensibilityGlobals) = postSolution
		SolutionGuid = {9E1BFB98-F84B-4BD1-945B-B3A5FEDDE977}
	EndGlobalSection
EndGlobal
